
Microsoft Visual Studio Solution File, Format Version 12.00
# Visual Studio 15
VisualStudioVersion = 15.0.27428.2027
MinimumVisualStudioVersion = 10.0.40219.1
Project("{FAE04EC0-301F-11D3-BF4B-00C04F79EFBC}") = "ProductManager", "ProductManager\ProductManager.csproj", "{2308C722-E3B3-41CF-8612-DB4816B3A2EB}"
EndProject
Global
	GlobalSection(SolutionConfigurationPlatforms) = preSolution
		Debug|Any CPU = Debug|Any CPU
		Release|Any CPU = Release|Any CPU
	EndGlobalSection
	GlobalSection(ProjectConfigurationPlatforms) = postSolution
		{2308C722-E3B3-41CF-8612-DB4816B3A2EB}.Debug|Any CPU.ActiveCfg = Debug|Any CPU
		{2308C722-E3B3-41CF-8612-DB4816B3A2EB}.Debug|Any CPU.Build.0 = Debug|Any CPU
		{2308C722-E3B3-41CF-8612-DB4816B3A2EB}.Release|Any CPU.ActiveCfg = Release|Any CPU
		{2308C722-E3B3-41CF-8612-DB4816B3A2EB}.Release|Any CPU.Build.0 = Release|Any CPU
	EndGlobalSection
	GlobalSection(SolutionProperties) = preSolution
		HideSolutionNode = FALSE
	EndGlobalSection
	GlobalSection(ExtensibilityGlobals) = postSolution
		SolutionGuid = {FFF75620-C396-4D32-B329-0D40391CCE5A}
	EndGlobalSection
EndGlobal
